
Microsoft Visual Studio Solution File, Format Version 12.00
# Visual Studio 15
VisualStudioVersion = 15.0.27703.2000
MinimumVisualStudioVersion = 10.0.40219.1
Project("{8BC9CEB8-8B4A-11D0-8D11-00A0C91BC942}") = "DES++", "DES++\DES++.vcxproj", "{104AF3FF-7198-4DAB-A8C6-2F8C77B3F13D}"
EndProject
Project("{8BC9CEB8-8B4A-11D0-8D11-00A0C91BC942}") = "ConsoleApplication-TEST", "ConsoleApplication-TEST\ConsoleApplication-TEST.vcxproj", "{EAA2AE60-A4DC-418B-88F0-D8D3EB81361E}"
EndProject
Global
	GlobalSection(SolutionConfigurationPlatforms) = preSolution
		Debug|x64 = Debug|x64
		Debug|x86 = Debug|x86
		Release|x64 = Release|x64
		Release|x86 = Release|x86
	EndGlobalSection
	GlobalSection(ProjectConfigurationPlatforms) = postSolution
		{104AF3FF-7198-4DAB-A8C6-2F8C77B3F13D}.Debug|x64.ActiveCfg = Debug|x64
		{104AF3FF-7198-4DAB-A8C6-2F8C77B3F13D}.Debug|x64.Build.0 = Debug|x64
		{104AF3FF-7198-4DAB-A8C6-2F8C77B3F13D}.Debug|x86.ActiveCfg = Debug|Win32
		{104AF3FF-7198-4DAB-A8C6-2F8C77B3F13D}.Debug|x86.Build.0 = Debug|Win32
		{104AF3FF-7198-4DAB-A8C6-2F8C77B3F13D}.Release|x64.ActiveCfg = Release|x64
		{104AF3FF-7198-4DAB-A8C6-2F8C77B3F13D}.Release|x64.Build.0 = Release|x64
		{104AF3FF-7198-4DAB-A8C6-2F8C77B3F13D}.Release|x86.ActiveCfg = Release|Win32
		{104AF3FF-7198-4DAB-A8C6-2F8C77B3F13D}.Release|x86.Build.0 = Release|Win32
		{EAA2AE60-A4DC-418B-88F0-D8D3EB81361E}.Debug|x64.ActiveCfg = Debug|x64
		{EAA2AE60-A4DC-418B-88F0-D8D3EB81361E}.Debug|x64.Build.0 = Debug|x64
		{EAA2AE60-A4DC-418B-88F0-D8D3EB81361E}.Debug|x86.ActiveCfg = Debug|Win32
		{EAA2AE60-A4DC-418B-88F0-D8D3EB81361E}.Debug|x86.Build.0 = Debug|Win32
		{EAA2AE60-A4DC-418B-88F0-D8D3EB81361E}.Release|x64.ActiveCfg = Release|x64
		{EAA2AE60-A4DC-418B-88F0-D8D3EB81361E}.Release|x64.Build.0 = Release|x64
		{EAA2AE60-A4DC-418B-88F0-D8D3EB81361E}.Release|x86.ActiveCfg = Release|Win32
		{EAA2AE60-A4DC-418B-88F0-D8D3EB81361E}.Release|x86.Build.0 = Release|Win32
	EndGlobalSection
	GlobalSection(SolutionProperties) = preSolution
		HideSolutionNode = FALSE
	EndGlobalSection
	GlobalSection(ExtensibilityGlobals) = postSolution
		SolutionGuid = {8D5875D9-0497-4722-8592-1CE26AE9289B}
	EndGlobalSection
EndGlobal
